
Microsoft Visual Studio Solution File, Format Version 12.00
# Visual Studio Version 16
VisualStudioVersion = 16.0.29418.71
MinimumVisualStudioVersion = 10.0.40219.1
Project("{9A19103F-16F7-4668-BE54-9A1E7A4F7556}") = "Hurace.Core", "Hurace.Core\Hurace.Core.csproj", "{001B8328-8561-494B-80AE-5DD6BF86618A}"
EndProject
Project("{9A19103F-16F7-4668-BE54-9A1E7A4F7556}") = "Hurace.Domain", "Hurace.Domain\Hurace.Domain.csproj", "{AE689CC1-9231-4DC4-A6E5-51D2A931845A}"
EndProject
Project("{2150E333-8FDC-42A3-9474-1A3956D46DE8}") = "Solution Items", "Solution Items", "{72249985-19AD-4B54-9755-6E466307B103}"
	ProjectSection(SolutionItems) = preProject
		Directory.Build.props = Directory.Build.props
		HuraceLinterRules.ruleset = HuraceLinterRules.ruleset
	EndProjectSection
EndProject
Project("{2150E333-8FDC-42A3-9474-1A3956D46DE8}") = "Hurace.Db", "Hurace.Db", "{863248A7-DC90-461E-8B40-CFC0FA697019}"
	ProjectSection(SolutionItems) = preProject
		Hurace.Db\HuraceDb_dev.mdf = Hurace.Db\HuraceDb_dev.mdf
		Hurace.Db\HuraceDb_dev_log.ldf = Hurace.Db\HuraceDb_dev_log.ldf
		Hurace.Db\HuraceDb_test.mdf = Hurace.Db\HuraceDb_test.mdf
		Hurace.Db\HuraceDb_test_log.ldf = Hurace.Db\HuraceDb_test_log.ldf
	EndProjectSection
EndProject
Project("{9A19103F-16F7-4668-BE54-9A1E7A4F7556}") = "Hurace.Core.Db", "Hurace.Core.Db\Hurace.Core.Db.csproj", "{06F756AC-02F0-4A92-B638-F0A9D5399C24}"
EndProject
Project("{9A19103F-16F7-4668-BE54-9A1E7A4F7556}") = "Hurace.Core.Tests", "Hurace.Core.Tests\Hurace.Core.Tests.csproj", "{CF05EBC9-99AE-4C19-A128-81706C75E080}"
EndProject
Project("{9A19103F-16F7-4668-BE54-9A1E7A4F7556}") = "Hurace.Core.Db.Tests", "Hurace.Core.Db.Tests\Hurace.Core.Db.Tests.csproj", "{9B6D6074-28E3-486D-A7F5-AC6F41369295}"
EndProject
Project("{9A19103F-16F7-4668-BE54-9A1E7A4F7556}") = "Hurace.Entities", "Hurace.Entities\Hurace.Entities.csproj", "{4ED07408-42CA-48C6-8D42-17EE98FDA4BD}"
EndProject
Project("{9A19103F-16F7-4668-BE54-9A1E7A4F7556}") = "Hurace.RaceControl", "Hurace.RaceControl\Hurace.RaceControl.csproj", "{E0791745-2D05-4432-97CF-EE751147C13F}"
EndProject
Project("{9A19103F-16F7-4668-BE54-9A1E7A4F7556}") = "Hurace.Api", "Hurace.Api\Hurace.Api.csproj", "{FBE0FDD4-76D3-47D8-A6D5-9D7FE40CD7BF}"
EndProject
Project("{9A19103F-16F7-4668-BE54-9A1E7A4F7556}") = "Hurace.Simulator", "Hurace.Simulator\Hurace.Simulator.csproj", "{81D2DA0E-1131-49E1-B5C5-550E90555892}"
EndProject
Project("{9A19103F-16F7-4668-BE54-9A1E7A4F7556}") = "Hurace.Timer", "Hurace.Timer\Hurace.Timer.csproj", "{0B2D0E38-A8E0-46D8-980A-8F80F338C192}"
EndProject
Project("{FAE04EC0-301F-11D3-BF4B-00C04F79EFBC}") = "Hurace.Simulator.Tests", "Hurace.Simulator.Tests\Hurace.Simulator.Tests.csproj", "{CA3F679D-35ED-422E-9928-58F2F41D6EF8}"
EndProject
Global
	GlobalSection(SolutionConfigurationPlatforms) = preSolution
		Debug|Any CPU = Debug|Any CPU
		Release|Any CPU = Release|Any CPU
	EndGlobalSection
	GlobalSection(ProjectConfigurationPlatforms) = postSolution
		{001B8328-8561-494B-80AE-5DD6BF86618A}.Debug|Any CPU.ActiveCfg = Debug|Any CPU
		{001B8328-8561-494B-80AE-5DD6BF86618A}.Debug|Any CPU.Build.0 = Debug|Any CPU
		{001B8328-8561-494B-80AE-5DD6BF86618A}.Release|Any CPU.ActiveCfg = Release|Any CPU
		{001B8328-8561-494B-80AE-5DD6BF86618A}.Release|Any CPU.Build.0 = Release|Any CPU
		{AE689CC1-9231-4DC4-A6E5-51D2A931845A}.Debug|Any CPU.ActiveCfg = Debug|Any CPU
		{AE689CC1-9231-4DC4-A6E5-51D2A931845A}.Debug|Any CPU.Build.0 = Debug|Any CPU
		{AE689CC1-9231-4DC4-A6E5-51D2A931845A}.Release|Any CPU.ActiveCfg = Release|Any CPU
		{AE689CC1-9231-4DC4-A6E5-51D2A931845A}.Release|Any CPU.Build.0 = Release|Any CPU
		{06F756AC-02F0-4A92-B638-F0A9D5399C24}.Debug|Any CPU.ActiveCfg = Debug|Any CPU
		{06F756AC-02F0-4A92-B638-F0A9D5399C24}.Debug|Any CPU.Build.0 = Debug|Any CPU
		{06F756AC-02F0-4A92-B638-F0A9D5399C24}.Release|Any CPU.ActiveCfg = Release|Any CPU
		{06F756AC-02F0-4A92-B638-F0A9D5399C24}.Release|Any CPU.Build.0 = Release|Any CPU
		{CF05EBC9-99AE-4C19-A128-81706C75E080}.Debug|Any CPU.ActiveCfg = Debug|Any CPU
		{CF05EBC9-99AE-4C19-A128-81706C75E080}.Debug|Any CPU.Build.0 = Debug|Any CPU
		{CF05EBC9-99AE-4C19-A128-81706C75E080}.Release|Any CPU.ActiveCfg = Release|Any CPU
		{CF05EBC9-99AE-4C19-A128-81706C75E080}.Release|Any CPU.Build.0 = Release|Any CPU
		{9B6D6074-28E3-486D-A7F5-AC6F41369295}.Debug|Any CPU.ActiveCfg = Debug|Any CPU
		{9B6D6074-28E3-486D-A7F5-AC6F41369295}.Debug|Any CPU.Build.0 = Debug|Any CPU
		{9B6D6074-28E3-486D-A7F5-AC6F41369295}.Release|Any CPU.ActiveCfg = Release|Any CPU
		{9B6D6074-28E3-486D-A7F5-AC6F41369295}.Release|Any CPU.Build.0 = Release|Any CPU
		{4ED07408-42CA-48C6-8D42-17EE98FDA4BD}.Debug|Any CPU.ActiveCfg = Debug|Any CPU
		{4ED07408-42CA-48C6-8D42-17EE98FDA4BD}.Debug|Any CPU.Build.0 = Debug|Any CPU
		{4ED07408-42CA-48C6-8D42-17EE98FDA4BD}.Release|Any CPU.ActiveCfg = Release|Any CPU
		{4ED07408-42CA-48C6-8D42-17EE98FDA4BD}.Release|Any CPU.Build.0 = Release|Any CPU
		{E0791745-2D05-4432-97CF-EE751147C13F}.Debug|Any CPU.ActiveCfg = Debug|Any CPU
		{E0791745-2D05-4432-97CF-EE751147C13F}.Debug|Any CPU.Build.0 = Debug|Any CPU
		{E0791745-2D05-4432-97CF-EE751147C13F}.Release|Any CPU.ActiveCfg = Release|Any CPU
		{E0791745-2D05-4432-97CF-EE751147C13F}.Release|Any CPU.Build.0 = Release|Any CPU
		{FBE0FDD4-76D3-47D8-A6D5-9D7FE40CD7BF}.Debug|Any CPU.ActiveCfg = Debug|Any CPU
		{FBE0FDD4-76D3-47D8-A6D5-9D7FE40CD7BF}.Debug|Any CPU.Build.0 = Debug|Any CPU
		{FBE0FDD4-76D3-47D8-A6D5-9D7FE40CD7BF}.Release|Any CPU.ActiveCfg = Release|Any CPU
		{FBE0FDD4-76D3-47D8-A6D5-9D7FE40CD7BF}.Release|Any CPU.Build.0 = Release|Any CPU
		{81D2DA0E-1131-49E1-B5C5-550E90555892}.Debug|Any CPU.ActiveCfg = Debug|Any CPU
		{81D2DA0E-1131-49E1-B5C5-550E90555892}.Debug|Any CPU.Build.0 = Debug|Any CPU
		{81D2DA0E-1131-49E1-B5C5-550E90555892}.Release|Any CPU.ActiveCfg = Release|Any CPU
		{81D2DA0E-1131-49E1-B5C5-550E90555892}.Release|Any CPU.Build.0 = Release|Any CPU
		{0B2D0E38-A8E0-46D8-980A-8F80F338C192}.Debug|Any CPU.ActiveCfg = Debug|Any CPU
		{0B2D0E38-A8E0-46D8-980A-8F80F338C192}.Debug|Any CPU.Build.0 = Debug|Any CPU
		{0B2D0E38-A8E0-46D8-980A-8F80F338C192}.Release|Any CPU.ActiveCfg = Release|Any CPU
		{0B2D0E38-A8E0-46D8-980A-8F80F338C192}.Release|Any CPU.Build.0 = Release|Any CPU
		{CA3F679D-35ED-422E-9928-58F2F41D6EF8}.Debug|Any CPU.ActiveCfg = Debug|Any CPU
		{CA3F679D-35ED-422E-9928-58F2F41D6EF8}.Debug|Any CPU.Build.0 = Debug|Any CPU
		{CA3F679D-35ED-422E-9928-58F2F41D6EF8}.Release|Any CPU.ActiveCfg = Release|Any CPU
		{CA3F679D-35ED-422E-9928-58F2F41D6EF8}.Release|Any CPU.Build.0 = Release|Any CPU
	EndGlobalSection
	GlobalSection(SolutionProperties) = preSolution
		HideSolutionNode = FALSE
	EndGlobalSection
	GlobalSection(ExtensibilityGlobals) = postSolution
		SolutionGuid = {E6364EA4-8229-4720-B240-749F774C56E5}
	EndGlobalSection
EndGlobal
