
Microsoft Visual Studio Solution File, Format Version 12.00
# Visual Studio Version 16
VisualStudioVersion = 16.0.29418.71
MinimumVisualStudioVersion = 10.0.40219.1
Project("{9A19103F-16F7-4668-BE54-9A1E7A4F7556}") = "Hurace.Core", "Hurace.Core\Hurace.Core.csproj", "{001B8328-8561-494B-80AE-5DD6BF86618A}"
EndProject
Project("{9A19103F-16F7-4668-BE54-9A1E7A4F7556}") = "Hurace.Simulator", "Hurace.Simulator\Hurace.Simulator.csproj", "{660DA8EA-EB06-4DC5-AC1F-926A434AA97D}"
EndProject
Project("{9A19103F-16F7-4668-BE54-9A1E7A4F7556}") = "Hurace.Domain", "Hurace.Domain\Hurace.Domain.csproj", "{AE689CC1-9231-4DC4-A6E5-51D2A931845A}"
EndProject
Project("{2150E333-8FDC-42A3-9474-1A3956D46DE8}") = "Solution Items", "Solution Items", "{72249985-19AD-4B54-9755-6E466307B103}"
	ProjectSection(SolutionItems) = preProject
		Directory.Build.props = Directory.Build.props
		HuraceLinterRules.ruleset = HuraceLinterRules.ruleset
	EndProjectSection
EndProject
Global
	GlobalSection(SolutionConfigurationPlatforms) = preSolution
		Debug|Any CPU = Debug|Any CPU
		Release|Any CPU = Release|Any CPU
	EndGlobalSection
	GlobalSection(ProjectConfigurationPlatforms) = postSolution
		{001B8328-8561-494B-80AE-5DD6BF86618A}.Debug|Any CPU.ActiveCfg = Debug|Any CPU
		{001B8328-8561-494B-80AE-5DD6BF86618A}.Debug|Any CPU.Build.0 = Debug|Any CPU
		{001B8328-8561-494B-80AE-5DD6BF86618A}.Release|Any CPU.ActiveCfg = Release|Any CPU
		{001B8328-8561-494B-80AE-5DD6BF86618A}.Release|Any CPU.Build.0 = Release|Any CPU
		{660DA8EA-EB06-4DC5-AC1F-926A434AA97D}.Debug|Any CPU.ActiveCfg = Debug|Any CPU
		{660DA8EA-EB06-4DC5-AC1F-926A434AA97D}.Debug|Any CPU.Build.0 = Debug|Any CPU
		{660DA8EA-EB06-4DC5-AC1F-926A434AA97D}.Release|Any CPU.ActiveCfg = Release|Any CPU
		{660DA8EA-EB06-4DC5-AC1F-926A434AA97D}.Release|Any CPU.Build.0 = Release|Any CPU
		{AE689CC1-9231-4DC4-A6E5-51D2A931845A}.Debug|Any CPU.ActiveCfg = Debug|Any CPU
		{AE689CC1-9231-4DC4-A6E5-51D2A931845A}.Debug|Any CPU.Build.0 = Debug|Any CPU
		{AE689CC1-9231-4DC4-A6E5-51D2A931845A}.Release|Any CPU.ActiveCfg = Release|Any CPU
		{AE689CC1-9231-4DC4-A6E5-51D2A931845A}.Release|Any CPU.Build.0 = Release|Any CPU
	EndGlobalSection
	GlobalSection(SolutionProperties) = preSolution
		HideSolutionNode = FALSE
	EndGlobalSection
	GlobalSection(ExtensibilityGlobals) = postSolution
		SolutionGuid = {E6364EA4-8229-4720-B240-749F774C56E5}
	EndGlobalSection
EndGlobal
